# This file is autogenerated, do not edit; changes may be undone by the next 'dep ensure'.


[[projects]]
  name = "github.com/PuerkitoBio/goquery"
  packages = ["."]
  revision = "e1271ee34c6a305e38566ecd27ae374944907ee9"
  version = "v1.1.0"

[[projects]]
  name = "github.com/PuerkitoBio/purell"
  packages = ["."]
  revision = "0bcb03f4b4d0a9428594752bd2a3b9aa0a9d4bd4"
  version = "v1.1.0"

[[projects]]
  branch = "master"
  name = "github.com/PuerkitoBio/urlesc"
  packages = ["."]
  revision = "de5bf2ad457846296e2031421a34e2568e304e35"

[[projects]]
  branch = "master"
  name = "github.com/andybalholm/cascadia"
  packages = ["."]
  revision = "349dd0209470eabd9514242c688c403c0926d266"

[[projects]]
  name = "github.com/aws/aws-sdk-go"
  packages = ["aws","aws/awserr","aws/awsutil","aws/client","aws/client/metadata","aws/corehandlers","aws/credentials","aws/credentials/ec2rolecreds","aws/credentials/endpointcreds","aws/credentials/stscreds","aws/defaults","aws/ec2metadata","aws/endpoints","aws/request","aws/session","aws/signer/v4","internal/shareddefaults","private/protocol","private/protocol/query","private/protocol/query/queryutil","private/protocol/rest","private/protocol/restxml","private/protocol/xml/xmlutil","service/s3","service/sts"]
  revision = "f426770fd5a4bae6186b280d4af7dca83a4cdef4"
  version = "v1.12.17"

[[projects]]
  branch = "master"
  name = "github.com/datatogether/config"
  packages = ["."]
  revision = "29c751f56a84b6f95cb5187f6e7363f7cbcd2796"

[[projects]]
  branch = "master"
  name = "github.com/datatogether/core"
  packages = ["."]
  revision = "12765f1ecc79bbc36700b57ebc9047044cab6e15"

[[projects]]
  branch = "master"
  name = "github.com/datatogether/ffi"
  packages = ["."]
  revision = "d8bb8e6dafdcca782940d05398538b1c563be41d"

[[projects]]
  branch = "master"
  name = "github.com/datatogether/sql_datastore"
  packages = ["."]
  revision = "c9059bb90d160e3ccd6b04e08d3b60c1971d89e6"

[[projects]]
  branch = "master"
  name = "github.com/datatogether/sqlutil"
  packages = ["."]
  revision = "c471ed88dde35a8af1fb164020b88b65badee7f7"

[[projects]]
  branch = "master"
  name = "github.com/datatogether/warc"
  packages = ["."]
  revision = "8fbf96f6a6d174f815ac77c47daf1c0fb1e4cfdb"

[[projects]]
  name = "github.com/gchaincl/dotsql"
  packages = ["."]
  revision = "5487b6a5fc12870425fc14d9e05a3fabddd91d7e"
  version = "v0.1.0"

[[projects]]
  name = "github.com/go-ini/ini"
  packages = ["."]
  revision = "5b3e00af70a9484542169a976dcab8d03e601a17"
  version = "v1.30.0"

[[projects]]
  branch = "master"
  name = "github.com/ipfs/go-datastore"
  packages = [".","query"]
  revision = "1be0c64e0649c1f6fb7f21e31d267f9d5a2021f8"

[[projects]]
  branch = "master"
  name = "github.com/jbenet/goprocess"
  packages = ["."]
  revision = "b497e2f366b8624394fb2e89c10ab607bebdde0b"

[[projects]]
  name = "github.com/jmespath/go-jmespath"
  packages = ["."]
  revision = "0b12d6b5"

[[projects]]
  name = "github.com/joho/godotenv"
  packages = ["."]
  revision = "a79fa1e548e2c689c241d10173efd51e5d689d5b"
  version = "v1.2.0"

[[projects]]
  branch = "master"
  name = "github.com/lib/pq"
  packages = [".","oid"]
  revision = "b609790bd85edf8e9ab7e0f8912750a786177bcf"

[[projects]]
  name = "github.com/multiformats/go-multihash"
  packages = ["."]
  revision = "bdcf2980a789f55c97d548fdfa727f8fb19684ba"
  version = "0.1.0"

[[projects]]
  name = "github.com/pborman/uuid"
  packages = ["."]
  revision = "e790cca94e6cc75c7064b1332e63811d4aae1a53"
  version = "v1.1"

[[projects]]
  name = "github.com/satori/go.uuid"
  packages = ["."]
  revision = "879c5887cd475cd7864858769793b2ceb0d44feb"
  version = "v1.1.0"

[[projects]]
  name = "github.com/sirupsen/logrus"
  packages = ["."]
  revision = "f006c2ac4710855cf0f916dd6b77acf6b048dc6e"
  version = "v1.0.3"

[[projects]]
  branch = "master"
  name = "golang.org/x/crypto"
  packages = ["acme","acme/autocert","ssh/terminal"]
  revision = "2509b142fb2b797aa7587dad548f113b2c0f20ce"

[[projects]]
  branch = "master"
  name = "golang.org/x/net"
  packages = ["html","html/atom","idna"]
  revision = "4b14673ba32bee7f5ac0f990a48f033919fd418b"

[[projects]]
  branch = "master"
  name = "golang.org/x/sys"
  packages = ["unix","windows"]
  revision = "92ac112afc6efd90284acda2b046fc0e351228f6"

[[projects]]
  branch = "master"
  name = "golang.org/x/text"
  packages = ["collate","collate/build","internal/colltab","internal/gen","internal/tag","internal/triegen","internal/ucd","language","secure/bidirule","transform","unicode/bidi","unicode/cldr","unicode/norm","unicode/rangetable","width"]
  revision = "6eab0e8f74e86c598ec3b6fad4888e0c11482d48"

[solve-meta]
  analyzer-name = "dep"
  analyzer-version = 1
  inputs-digest = "48c8c12a8343aa61eae29253803022f68d68dbe5d36e00f69eb3c7a2a4f9a715"
  solver-name = "gps-cdcl"
  solver-version = 1
